
Microsoft Visual Studio Solution File, Format Version 12.00
# Visual Studio Version 16
VisualStudioVersion = 16.0.30413.136
MinimumVisualStudioVersion = 10.0.40219.1
Project("{FAE04EC0-301F-11D3-BF4B-00C04F79EFBC}") = "secao8.98", "secao8.98\secao8.98.csproj", "{0900DBA9-0075-4375-A808-6EA40C8854CF}"
EndProject
Global
	GlobalSection(SolutionConfigurationPlatforms) = preSolution
		Debug|Any CPU = Debug|Any CPU
		Release|Any CPU = Release|Any CPU
	EndGlobalSection
	GlobalSection(ProjectConfigurationPlatforms) = postSolution
		{0900DBA9-0075-4375-A808-6EA40C8854CF}.Debug|Any CPU.ActiveCfg = Debug|Any CPU
		{0900DBA9-0075-4375-A808-6EA40C8854CF}.Debug|Any CPU.Build.0 = Debug|Any CPU
		{0900DBA9-0075-4375-A808-6EA40C8854CF}.Release|Any CPU.ActiveCfg = Release|Any CPU
		{0900DBA9-0075-4375-A808-6EA40C8854CF}.Release|Any CPU.Build.0 = Release|Any CPU
	EndGlobalSection
	GlobalSection(SolutionProperties) = preSolution
		HideSolutionNode = FALSE
	EndGlobalSection
	GlobalSection(ExtensibilityGlobals) = postSolution
		SolutionGuid = {6919297A-E97D-4761-BBD9-4B245260A718}
	EndGlobalSection
EndGlobal
